
Microsoft Visual Studio Solution File, Format Version 12.00
# Visual Studio Version 16
VisualStudioVersion = 16.0.31624.102
MinimumVisualStudioVersion = 10.0.40219.1
Project("{FAE04EC0-301F-11D3-BF4B-00C04F79EFBC}") = "Making Sence", "Making Sence\Making Sence.csproj", "{6ADDDAA7-5966-47DB-9451-DB52B7D40340}"
EndProject
Global
	GlobalSection(SolutionConfigurationPlatforms) = preSolution
		Debug|Any CPU = Debug|Any CPU
		Release|Any CPU = Release|Any CPU
	EndGlobalSection
	GlobalSection(ProjectConfigurationPlatforms) = postSolution
		{6ADDDAA7-5966-47DB-9451-DB52B7D40340}.Debug|Any CPU.ActiveCfg = Debug|Any CPU
		{6ADDDAA7-5966-47DB-9451-DB52B7D40340}.Debug|Any CPU.Build.0 = Debug|Any CPU
		{6ADDDAA7-5966-47DB-9451-DB52B7D40340}.Release|Any CPU.ActiveCfg = Release|Any CPU
		{6ADDDAA7-5966-47DB-9451-DB52B7D40340}.Release|Any CPU.Build.0 = Release|Any CPU
	EndGlobalSection
	GlobalSection(SolutionProperties) = preSolution
		HideSolutionNode = FALSE
	EndGlobalSection
	GlobalSection(ExtensibilityGlobals) = postSolution
		SolutionGuid = {B062F7C3-F6A7-4E22-8307-7BB32B09EC4F}
	EndGlobalSection
EndGlobal
